
Microsoft Visual Studio Solution File, Format Version 12.00
# Visual Studio Version 17
VisualStudioVersion = 17.14.37012.4 d17.14
MinimumVisualStudioVersion = 10.0.40219.1
Project("{FAE04EC0-301F-11D3-BF4B-00C04F79EFBC}") = "01_properties_of_console_class", "01_properties_of_console_class\01_properties_of_console_class.csproj", "{15D5EF07-F4E5-45CC-90C4-0A8D9B812448}"
EndProject
Global
	GlobalSection(SolutionConfigurationPlatforms) = preSolution
		Debug|Any CPU = Debug|Any CPU
		Release|Any CPU = Release|Any CPU
	EndGlobalSection
	GlobalSection(ProjectConfigurationPlatforms) = postSolution
		{15D5EF07-F4E5-45CC-90C4-0A8D9B812448}.Debug|Any CPU.ActiveCfg = Debug|Any CPU
		{15D5EF07-F4E5-45CC-90C4-0A8D9B812448}.Debug|Any CPU.Build.0 = Debug|Any CPU
		{15D5EF07-F4E5-45CC-90C4-0A8D9B812448}.Release|Any CPU.ActiveCfg = Release|Any CPU
		{15D5EF07-F4E5-45CC-90C4-0A8D9B812448}.Release|Any CPU.Build.0 = Release|Any CPU
	EndGlobalSection
	GlobalSection(SolutionProperties) = preSolution
		HideSolutionNode = FALSE
	EndGlobalSection
	GlobalSection(ExtensibilityGlobals) = postSolution
		SolutionGuid = {99D6049F-A627-4A56-ACB9-F7829E243C75}
	EndGlobalSection
EndGlobal
